// !$*UTF8*$!
{
	archiveVersion = 1;
	classes = {
	};
	objectVersion = 56;
	objects = {

/* Begin PBXBuildFile section */
		462AD70F2B59B849008A2403 /* TradingCardsApp.swift in Sources */ = {isa = PBXBuildFile; fileRef = 462AD70E2B59B849008A2403 /* TradingCardsApp.swift */; };
		462AD7112B59B849008A2403 /* ContentView.swift in Sources */ = {isa = PBXBuildFile; fileRef = 462AD7102B59B849008A2403 /* ContentView.swift */; };
		462AD7132B59B84C008A2403 /* Assets.xcassets in Resources */ = {isa = PBXBuildFile; fileRef = 462AD7122B59B84C008A2403 /* Assets.xcassets */; };
		462AD7162B59B84C008A2403 /* Preview Assets.xcassets in Resources */ = {isa = PBXBuildFile; fileRef = 462AD7152B59B84C008A2403 /* Preview Assets.xcassets */; };
		462AD71F2B59D07E008A2403 /* DetailView.swift in Sources */ = {isa = PBXBuildFile; fileRef = 462AD71E2B59D07E008A2403 /* DetailView.swift */; };
		462AD7212B59D08B008A2403 /* LogoImageView.swift in Sources */ = {isa = PBXBuildFile; fileRef = 462AD7202B59D08A008A2403 /* LogoImageView.swift */; };
		462AD7242B59D0A4008A2403 /* PlayerListView.swift in Sources */ = {isa = PBXBuildFile; fileRef = 462AD7232B59D0A4008A2403 /* PlayerListView.swift */; };
		462AD7282B59D0D1008A2403 /* StatisticView.swift in Sources */ = {isa = PBXBuildFile; fileRef = 462AD7272B59D0D1008A2403 /* StatisticView.swift */; };
		462AD72A2B59D0F3008A2403 /* EnhancedListItemView.swift in Sources */ = {isa = PBXBuildFile; fileRef = 462AD7292B59D0F3008A2403 /* EnhancedListItemView.swift */; };
		462AD72E2B5EAF82008A2403 /* LiverpoolPlayer.swift in Sources */ = {isa = PBXBuildFile; fileRef = 462AD72D2B5EAF82008A2403 /* LiverpoolPlayer.swift */; };
/* End PBXBuildFile section */

/* Begin PBXFileReference section */
		462AD70B2B59B849008A2403 /* TradingCards.app */ = {isa = PBXFileReference; explicitFileType = wrapper.application; includeInIndex = 0; path = TradingCards.app; sourceTree = BUILT_PRODUCTS_DIR; };
		462AD70E2B59B849008A2403 /* TradingCardsApp.swift */ = {isa = PBXFileReference; lastKnownFileType = sourcecode.swift; path = TradingCardsApp.swift; sourceTree = "<group>"; };
		462AD7102B59B849008A2403 /* ContentView.swift */ = {isa = PBXFileReference; lastKnownFileType = sourcecode.swift; path = ContentView.swift; sourceTree = "<group>"; };
		462AD7122B59B84C008A2403 /* Assets.xcassets */ = {isa = PBXFileReference; lastKnownFileType = folder.assetcatalog; path = Assets.xcassets; sourceTree = "<group>"; };
		462AD7152B59B84C008A2403 /* Preview Assets.xcassets */ = {isa = PBXFileReference; lastKnownFileType = folder.assetcatalog; path = "Preview Assets.xcassets"; sourceTree = "<group>"; };
		462AD71E2B59D07E008A2403 /* DetailView.swift */ = {isa = PBXFileReference; lastKnownFileType = sourcecode.swift; path = DetailView.swift; sourceTree = "<group>"; };
		462AD7202B59D08A008A2403 /* LogoImageView.swift */ = {isa = PBXFileReference; lastKnownFileType = sourcecode.swift; path = LogoImageView.swift; sourceTree = "<group>"; };
		462AD7232B59D0A4008A2403 /* PlayerListView.swift */ = {isa = PBXFileReference; lastKnownFileType = sourcecode.swift; path = PlayerListView.swift; sourceTree = "<group>"; };
		462AD7272B59D0D1008A2403 /* StatisticView.swift */ = {isa = PBXFileReference; lastKnownFileType = sourcecode.swift; path = StatisticView.swift; sourceTree = "<group>"; };
		462AD7292B59D0F3008A2403 /* EnhancedListItemView.swift */ = {isa = PBXFileReference; lastKnownFileType = sourcecode.swift; path = EnhancedListItemView.swift; sourceTree = "<group>"; };
		462AD72D2B5EAF82008A2403 /* LiverpoolPlayer.swift */ = {isa = PBXFileReference; lastKnownFileType = sourcecode.swift; path = LiverpoolPlayer.swift; sourceTree = "<group>"; };
/* End PBXFileReference section */

/* Begin PBXFrameworksBuildPhase section */
		462AD7082B59B849008A2403 /* Frameworks */ = {
			isa = PBXFrameworksBuildPhase;
			buildActionMask = 2147483647;
			files = (
			);
			runOnlyForDeploymentPostprocessing = 0;
		};
/* End PBXFrameworksBuildPhase section */

/* Begin PBXGroup section */
		462AD7022B59B849008A2403 = {
			isa = PBXGroup;
			children = (
				462AD70D2B59B849008A2403 /* TradingCards */,
				462AD71D2B59B883008A2403 /* Model */,
				462AD71C2B59B862008A2403 /* Views */,
				462AD70C2B59B849008A2403 /* Products */,
			);
			sourceTree = "<group>";
		};
		462AD70C2B59B849008A2403 /* Products */ = {
			isa = PBXGroup;
			children = (
				462AD70B2B59B849008A2403 /* TradingCards.app */,
			);
			name = Products;
			sourceTree = "<group>";
		};
		462AD70D2B59B849008A2403 /* TradingCards */ = {
			isa = PBXGroup;
			children = (
				462AD70E2B59B849008A2403 /* TradingCardsApp.swift */,
				462AD7102B59B849008A2403 /* ContentView.swift */,
				462AD7122B59B84C008A2403 /* Assets.xcassets */,
				462AD7142B59B84C008A2403 /* Preview Content */,
			);
			path = TradingCards;
			sourceTree = "<group>";
		};
		462AD7142B59B84C008A2403 /* Preview Content */ = {
			isa = PBXGroup;
			children = (
				462AD7152B59B84C008A2403 /* Preview Assets.xcassets */,
			);
			path = "Preview Content";
			sourceTree = "<group>";
		};
		462AD71C2B59B862008A2403 /* Views */ = {
			isa = PBXGroup;
			children = (
				462AD71E2B59D07E008A2403 /* DetailView.swift */,
				462AD7202B59D08A008A2403 /* LogoImageView.swift */,
				462AD7232B59D0A4008A2403 /* PlayerListView.swift */,
				462AD7272B59D0D1008A2403 /* StatisticView.swift */,
				462AD7292B59D0F3008A2403 /* EnhancedListItemView.swift */,
			);
			path = Views;
			sourceTree = "<group>";
		};
		462AD71D2B59B883008A2403 /* Model */ = {
			isa = PBXGroup;
			children = (
				462AD72D2B5EAF82008A2403 /* LiverpoolPlayer.swift */,
			);
			path = Model;
			sourceTree = "<group>";
		};
/* End PBXGroup section */

/* Begin PBXNativeTarget section */
		462AD70A2B59B849008A2403 /* TradingCards */ = {
			isa = PBXNativeTarget;
			buildConfigurationList = 462AD7192B59B84C008A2403 /* Build configuration list for PBXNativeTarget "TradingCards" */;
			buildPhases = (
				462AD7072B59B849008A2403 /* Sources */,
				462AD7082B59B849008A2403 /* Frameworks */,
				462AD7092B59B849008A2403 /* Resources */,
			);
			buildRules = (
			);
			dependencies = (
			);
			name = TradingCards;
			productName = TradingCards;
			productReference = 462AD70B2B59B849008A2403 /* TradingCards.app */;
			productType = "com.apple.product-type.application";
		};
/* End PBXNativeTarget section */

/* Begin PBXProject section */
		462AD7032B59B849008A2403 /* Project object */ = {
			isa = PBXProject;
			attributes = {
				BuildIndependentTargetsInParallel = 1;
				LastSwiftUpdateCheck = 1500;
				LastUpgradeCheck = 1500;
				TargetAttributes = {
					462AD70A2B59B849008A2403 = {
						CreatedOnToolsVersion = 15.0;
					};
				};
			};
			buildConfigurationList = 462AD7062B59B849008A2403 /* Build configuration list for PBXProject "TradingCards" */;
			compatibilityVersion = "Xcode 14.0";
			developmentRegion = en;
			hasScannedForEncodings = 0;
			knownRegions = (
				en,
				Base,
			);
			mainGroup = 462AD7022B59B849008A2403;
			productRefGroup = 462AD70C2B59B849008A2403 /* Products */;
			projectDirPath = "";
			projectRoot = "";
			targets = (
				462AD70A2B59B849008A2403 /* TradingCards */,
			);
		};
/* End PBXProject section */

/* Begin PBXResourcesBuildPhase section */
		462AD7092B59B849008A2403 /* Resources */ = {
			isa = PBXResourcesBuildPhase;
			buildActionMask = 2147483647;
			files = (
				462AD7162B59B84C008A2403 /* Preview Assets.xcassets in Resources */,
				462AD7132B59B84C008A2403 /* Assets.xcassets in Resources */,
			);
			runOnlyForDeploymentPostprocessing = 0;
		};
/* End PBXResourcesBuildPhase section */

/* Begin PBXSourcesBuildPhase section */
		462AD7072B59B849008A2403 /* Sources */ = {
			isa = PBXSourcesBuildPhase;
			buildActionMask = 2147483647;
			files = (
				462AD7242B59D0A4008A2403 /* PlayerListView.swift in Sources */,
				462AD72E2B5EAF82008A2403 /* LiverpoolPlayer.swift in Sources */,
				462AD7282B59D0D1008A2403 /* StatisticView.swift in Sources */,
				462AD7112B59B849008A2403 /* ContentView.swift in Sources */,
				462AD7212B59D08B008A2403 /* LogoImageView.swift in Sources */,
				462AD71F2B59D07E008A2403 /* DetailView.swift in Sources */,
				462AD70F2B59B849008A2403 /* TradingCardsApp.swift in Sources */,
				462AD72A2B59D0F3008A2403 /* EnhancedListItemView.swift in Sources */,
			);
			runOnlyForDeploymentPostprocessing = 0;
		};
/* End PBXSourcesBuildPhase section */

/* Begin XCBuildConfiguration section */
		462AD7172B59B84C008A2403 /* Debug */ = {
			isa = XCBuildConfiguration;
			buildSettings = {
				ALWAYS_SEARCH_USER_PATHS = NO;
				ASSETCATALOG_COMPILER_GENERATE_SWIFT_ASSET_SYMBOL_EXTENSIONS = YES;
				CLANG_ANALYZER_NONNULL = YES;
				CLANG_ANALYZER_NUMBER_OBJECT_CONVERSION = YES_AGGRESSIVE;
				CLANG_CXX_LANGUAGE_STANDARD = "gnu++20";
				CLANG_ENABLE_MODULES = YES;
				CLANG_ENABLE_OBJC_ARC = YES;
				CLANG_ENABLE_OBJC_WEAK = YES;
				CLANG_WARN_BLOCK_CAPTURE_AUTORELEASING = YES;
				CLANG_WARN_BOOL_CONVERSION = YES;
				CLANG_WARN_COMMA = YES;
				CLANG_WARN_CONSTANT_CONVERSION = YES;
				CLANG_WARN_DEPRECATED_OBJC_IMPLEMENTATIONS = YES;
				CLANG_WARN_DIRECT_OBJC_ISA_USAGE = YES_ERROR;
				CLANG_WARN_DOCUMENTATION_COMMENTS = YES;
				CLANG_WARN_EMPTY_BODY = YES;
				CLANG_WARN_ENUM_CONVERSION = YES;
				CLANG_WARN_INFINITE_RECURSION = YES;
				CLANG_WARN_INT_CONVERSION = YES;
				CLANG_WARN_NON_LITERAL_NULL_CONVERSION = YES;
				CLANG_WARN_OBJC_IMPLICIT_RETAIN_SELF = YES;
				CLANG_WARN_OBJC_LITERAL_CONVERSION = YES;
				CLANG_WARN_OBJC_ROOT_CLASS = YES_ERROR;
				CLANG_WARN_QUOTED_INCLUDE_IN_FRAMEWORK_HEADER = YES;
				CLANG_WARN_RANGE_LOOP_ANALYSIS = YES;
				CLANG_WARN_STRICT_PROTOTYPES = YES;
				CLANG_WARN_SUSPICIOUS_MOVE = YES;
				CLANG_WARN_UNGUARDED_AVAILABILITY = YES_AGGRESSIVE;
				CLANG_WARN_UNREACHABLE_CODE = YES;
				CLANG_WARN__DUPLICATE_METHOD_MATCH = YES;
				COPY_PHASE_STRIP = NO;
				DEBUG_INFORMATION_FORMAT = dwarf;
				ENABLE_STRICT_OBJC_MSGSEND = YES;
				ENABLE_TESTABILITY = YES;
				ENABLE_USER_SCRIPT_SANDBOXING = YES;
				GCC_C_LANGUAGE_STANDARD = gnu17;
				GCC_DYNAMIC_NO_PIC = NO;
				GCC_NO_COMMON_BLOCKS = YES;
				GCC_OPTIMIZATION_LEVEL = 0;
				GCC_PREPROCESSOR_DEFINITIONS = (
					"DEBUG=1",
					"$(inherited)",
				);
				GCC_WARN_64_TO_32_BIT_CONVERSION = YES;
				GCC_WARN_ABOUT_RETURN_TYPE = YES_ERROR;
				GCC_WARN_UNDECLARED_SELECTOR = YES;
				GCC_WARN_UNINITIALIZED_AUTOS = YES_AGGRESSIVE;
				GCC_WARN_UNUSED_FUNCTION = YES;
				GCC_WARN_UNUSED_VARIABLE = YES;
				IPHONEOS_DEPLOYMENT_TARGET = 17.0;
				LOCALIZATION_PREFERS_STRING_CATALOGS = YES;
				MTL_ENABLE_DEBUG_INFO = INCLUDE_SOURCE;
				MTL_FAST_MATH = YES;
				ONLY_ACTIVE_ARCH = YES;
				SDKROOT = iphoneos;
				SWIFT_ACTIVE_COMPILATION_CONDITIONS = "DEBUG $(inherited)";
				SWIFT_OPTIMIZATION_LEVEL = "-Onone";
			};
			name = Debug;
		};
		462AD7182B59B84C008A2403 /* Release */ = {
			isa = XCBuildConfiguration;
			buildSettings = {
				ALWAYS_SEARCH_USER_PATHS = NO;
				ASSETCATALOG_COMPILER_GENERATE_SWIFT_ASSET_SYMBOL_EXTENSIONS = YES;
				CLANG_ANALYZER_NONNULL = YES;
				CLANG_ANALYZER_NUMBER_OBJECT_CONVERSION = YES_AGGRESSIVE;
				CLANG_CXX_LANGUAGE_STANDARD = "gnu++20";
				CLANG_ENABLE_MODULES = YES;
				CLANG_ENABLE_OBJC_ARC = YES;
				CLANG_ENABLE_OBJC_WEAK = YES;
				CLANG_WARN_BLOCK_CAPTURE_AUTORELEASING = YES;
				CLANG_WARN_BOOL_CONVERSION = YES;
				CLANG_WARN_COMMA = YES;
				CLANG_WARN_CONSTANT_CONVERSION = YES;
				CLANG_WARN_DEPRECATED_OBJC_IMPLEMENTATIONS = YES;
				CLANG_WARN_DIRECT_OBJC_ISA_USAGE = YES_ERROR;
				CLANG_WARN_DOCUMENTATION_COMMENTS = YES;
				CLANG_WARN_EMPTY_BODY = YES;
				CLANG_WARN_ENUM_CONVERSION = YES;
				CLANG_WARN_INFINITE_RECURSION = YES;
				CLANG_WARN_INT_CONVERSION = YES;
				CLANG_WARN_NON_LITERAL_NULL_CONVERSION = YES;
				CLANG_WARN_OBJC_IMPLICIT_RETAIN_SELF = YES;
				CLANG_WARN_OBJC_LITERAL_CONVERSION = YES;
				CLANG_WARN_OBJC_ROOT_CLASS = YES_ERROR;
				CLANG_WARN_QUOTED_INCLUDE_IN_FRAMEWORK_HEADER = YES;
				CLANG_WARN_RANGE_LOOP_ANALYSIS = YES;
				CLANG_WARN_STRICT_PROTOTYPES = YES;
				CLANG_WARN_SUSPICIOUS_MOVE = YES;
				CLANG_WARN_UNGUARDED_AVAILABILITY = YES_AGGRESSIVE;
				CLANG_WARN_UNREACHABLE_CODE = YES;
				CLANG_WARN__DUPLICATE_METHOD_MATCH = YES;
				COPY_PHASE_STRIP = NO;
				DEBUG_INFORMATION_FORMAT = "dwarf-with-dsym";
				ENABLE_NS_ASSERTIONS = NO;
				ENABLE_STRICT_OBJC_MSGSEND = YES;
				ENABLE_USER_SCRIPT_SANDBOXING = YES;
				GCC_C_LANGUAGE_STANDARD = gnu17;
				GCC_NO_COMMON_BLOCKS = YES;
				GCC_WARN_64_TO_32_BIT_CONVERSION = YES;
				GCC_WARN_ABOUT_RETURN_TYPE = YES_ERROR;
				GCC_WARN_UNDECLARED_SELECTOR = YES;
				GCC_WARN_UNINITIALIZED_AUTOS = YES_AGGRESSIVE;
				GCC_WARN_UNUSED_FUNCTION = YES;
				GCC_WARN_UNUSED_VARIABLE = YES;
				IPHONEOS_DEPLOYMENT_TARGET = 17.0;
				LOCALIZATION_PREFERS_STRING_CATALOGS = YES;
				MTL_ENABLE_DEBUG_INFO = NO;
				MTL_FAST_MATH = YES;
				SDKROOT = iphoneos;
				SWIFT_COMPILATION_MODE = wholemodule;
				VALIDATE_PRODUCT = YES;
			};
			name = Release;
		};
		462AD71A2B59B84C008A2403 /* Debug */ = {
			isa = XCBuildConfiguration;
			buildSettings = {
				ASSETCATALOG_COMPILER_APPICON_NAME = AppIcon;
				ASSETCATALOG_COMPILER_GLOBAL_ACCENT_COLOR_NAME = AccentColor;
				CODE_SIGN_STYLE = Automatic;
				CURRENT_PROJECT_VERSION = 1;
				DEVELOPMENT_ASSET_PATHS = "\"TradingCards/Preview Content\"";
				DEVELOPMENT_TEAM = 375ANLL4RU;
				ENABLE_PREVIEWS = YES;
				GENERATE_INFOPLIST_FILE = YES;
				INFOPLIST_KEY_UIApplicationSceneManifest_Generation = YES;
				INFOPLIST_KEY_UIApplicationSupportsIndirectInputEvents = YES;
				INFOPLIST_KEY_UILaunchScreen_Generation = YES;
				INFOPLIST_KEY_UISupportedInterfaceOrientations_iPad = "UIInterfaceOrientationPortrait UIInterfaceOrientationPortraitUpsideDown UIInterfaceOrientationLandscapeLeft UIInterfaceOrientationLandscapeRight";
				INFOPLIST_KEY_UISupportedInterfaceOrientations_iPhone = "UIInterfaceOrientationPortrait UIInterfaceOrientationLandscapeLeft UIInterfaceOrientationLandscapeRight";
				LD_RUNPATH_SEARCH_PATHS = (
					"$(inherited)",
					"@executable_path/Frameworks",
				);
				MARKETING_VERSION = 1.0;
				PRODUCT_BUNDLE_IDENTIFIER = ca.carivandermerwe.TradingCards;
				PRODUCT_NAME = "$(TARGET_NAME)";
				SWIFT_EMIT_LOC_STRINGS = YES;
				SWIFT_VERSION = 5.0;
				TARGETED_DEVICE_FAMILY = "1,2";
			};
			name = Debug;
		};
		462AD71B2B59B84C008A2403 /* Release */ = {
			isa = XCBuildConfiguration;
			buildSettings = {
				ASSETCATALOG_COMPILER_APPICON_NAME = AppIcon;
				ASSETCATALOG_COMPILER_GLOBAL_ACCENT_COLOR_NAME = AccentColor;
				CODE_SIGN_STYLE = Automatic;
				CURRENT_PROJECT_VERSION = 1;
				DEVELOPMENT_ASSET_PATHS = "\"TradingCards/Preview Content\"";
				DEVELOPMENT_TEAM = 375ANLL4RU;
				ENABLE_PREVIEWS = YES;
				GENERATE_INFOPLIST_FILE = YES;
				INFOPLIST_KEY_UIApplicationSceneManifest_Generation = YES;
				INFOPLIST_KEY_UIApplicationSupportsIndirectInputEvents = YES;
				INFOPLIST_KEY_UILaunchScreen_Generation = YES;
				INFOPLIST_KEY_UISupportedInterfaceOrientations_iPad = "UIInterfaceOrientationPortrait UIInterfaceOrientationPortraitUpsideDown UIInterfaceOrientationLandscapeLeft UIInterfaceOrientationLandscapeRight";
				INFOPLIST_KEY_UISupportedInterfaceOrientations_iPhone = "UIInterfaceOrientationPortrait UIInterfaceOrientationLandscapeLeft UIInterfaceOrientationLandscapeRight";
				LD_RUNPATH_SEARCH_PATHS = (
					"$(inherited)",
					"@executable_path/Frameworks",
				);
				MARKETING_VERSION = 1.0;
				PRODUCT_BUNDLE_IDENTIFIER = ca.carivandermerwe.TradingCards;
				PRODUCT_NAME = "$(TARGET_NAME)";
				SWIFT_EMIT_LOC_STRINGS = YES;
				SWIFT_VERSION = 5.0;
				TARGETED_DEVICE_FAMILY = "1,2";
			};
			name = Release;
		};
/* End XCBuildConfiguration section */

/* Begin XCConfigurationList section */
		462AD7062B59B849008A2403 /* Build configuration list for PBXProject "TradingCards" */ = {
			isa = XCConfigurationList;
			buildConfigurations = (
				462AD7172B59B84C008A2403 /* Debug */,
				462AD7182B59B84C008A2403 /* Release */,
			);
			defaultConfigurationIsVisible = 0;
			defaultConfigurationName = Release;
		};
		462AD7192B59B84C008A2403 /* Build configuration list for PBXNativeTarget "TradingCards" */ = {
			isa = XCConfigurationList;
			buildConfigurations = (
				462AD71A2B59B84C008A2403 /* Debug */,
				462AD71B2B59B84C008A2403 /* Release */,
			);
			defaultConfigurationIsVisible = 0;
			defaultConfigurationName = Release;
		};
/* End XCConfigurationList section */
	};
	rootObject = 462AD7032B59B849008A2403 /* Project object */;
}
